
Microsoft Visual Studio Solution File, Format Version 12.00
# Visual Studio Version 16
VisualStudioVersion = 16.0.30204.135
MinimumVisualStudioVersion = 10.0.40219.1
Project("{FAE04EC0-301F-11D3-BF4B-00C04F79EFBC}") = "Culqi_Online", "Culqi_Online\Culqi_Online.csproj", "{4F104253-9598-4AC5-9575-99E85CCA1DF7}"
EndProject
Global
	GlobalSection(SolutionConfigurationPlatforms) = preSolution
		Debug|Any CPU = Debug|Any CPU
		Release|Any CPU = Release|Any CPU
	EndGlobalSection
	GlobalSection(ProjectConfigurationPlatforms) = postSolution
		{4F104253-9598-4AC5-9575-99E85CCA1DF7}.Debug|Any CPU.ActiveCfg = Debug|Any CPU
		{4F104253-9598-4AC5-9575-99E85CCA1DF7}.Debug|Any CPU.Build.0 = Debug|Any CPU
		{4F104253-9598-4AC5-9575-99E85CCA1DF7}.Release|Any CPU.ActiveCfg = Release|Any CPU
		{4F104253-9598-4AC5-9575-99E85CCA1DF7}.Release|Any CPU.Build.0 = Release|Any CPU
	EndGlobalSection
	GlobalSection(SolutionProperties) = preSolution
		HideSolutionNode = FALSE
	EndGlobalSection
	GlobalSection(ExtensibilityGlobals) = postSolution
		SolutionGuid = {3F26FCD4-164C-4E52-ADAE-24A278FB3B94}
	EndGlobalSection
EndGlobal
