
Microsoft Visual Studio Solution File, Format Version 12.00
# Visual Studio Version 16
VisualStudioVersion = 16.0.30225.117
MinimumVisualStudioVersion = 10.0.40219.1
Project("{FAE04EC0-301F-11D3-BF4B-00C04F79EFBC}") = "Culqi_Online", "Culqi_Online\Culqi_Online.csproj", "{969AD806-1373-4CB2-8E94-1958D4EF123D}"
EndProject
Global
	GlobalSection(SolutionConfigurationPlatforms) = preSolution
		Debug|Any CPU = Debug|Any CPU
		Release|Any CPU = Release|Any CPU
	EndGlobalSection
	GlobalSection(ProjectConfigurationPlatforms) = postSolution
		{969AD806-1373-4CB2-8E94-1958D4EF123D}.Debug|Any CPU.ActiveCfg = Debug|Any CPU
		{969AD806-1373-4CB2-8E94-1958D4EF123D}.Debug|Any CPU.Build.0 = Debug|Any CPU
		{969AD806-1373-4CB2-8E94-1958D4EF123D}.Release|Any CPU.ActiveCfg = Release|Any CPU
		{969AD806-1373-4CB2-8E94-1958D4EF123D}.Release|Any CPU.Build.0 = Release|Any CPU
	EndGlobalSection
	GlobalSection(SolutionProperties) = preSolution
		HideSolutionNode = FALSE
	EndGlobalSection
	GlobalSection(ExtensibilityGlobals) = postSolution
		SolutionGuid = {14C8B8D2-329C-4974-9DB3-41CAF7C4485E}
	EndGlobalSection
EndGlobal
