
Microsoft Visual Studio Solution File, Format Version 12.00
# Visual Studio Version 16
VisualStudioVersion = 16.0.30204.135
MinimumVisualStudioVersion = 10.0.40219.1
Project("{FAE04EC0-301F-11D3-BF4B-00C04F79EFBC}") = "Culqi_Online", "Culqi_Online\Culqi_Online.csproj", "{D8CE1070-E75B-4D97-BAAE-0697C57587E8}"
EndProject
Global
	GlobalSection(SolutionConfigurationPlatforms) = preSolution
		Debug|Any CPU = Debug|Any CPU
		Release|Any CPU = Release|Any CPU
	EndGlobalSection
	GlobalSection(ProjectConfigurationPlatforms) = postSolution
		{D8CE1070-E75B-4D97-BAAE-0697C57587E8}.Debug|Any CPU.ActiveCfg = Debug|Any CPU
		{D8CE1070-E75B-4D97-BAAE-0697C57587E8}.Debug|Any CPU.Build.0 = Debug|Any CPU
		{D8CE1070-E75B-4D97-BAAE-0697C57587E8}.Release|Any CPU.ActiveCfg = Release|Any CPU
		{D8CE1070-E75B-4D97-BAAE-0697C57587E8}.Release|Any CPU.Build.0 = Release|Any CPU
	EndGlobalSection
	GlobalSection(SolutionProperties) = preSolution
		HideSolutionNode = FALSE
	EndGlobalSection
	GlobalSection(ExtensibilityGlobals) = postSolution
		SolutionGuid = {4A707E03-4CE6-4C77-BF87-083FB0C715C1}
	EndGlobalSection
EndGlobal
